
Microsoft Visual Studio Solution File, Format Version 12.00
# Visual Studio Version 17
VisualStudioVersion = 17.8.34309.116
MinimumVisualStudioVersion = 10.0.40219.1
Project("{FAE04EC0-301F-11D3-BF4B-00C04F79EFBC}") = "eShop.Data.Shared", "eShop.Data.Shared\eShop.Data.Shared.csproj", "{E43CB221-4E49-4379-BF77-7929C04EB102}"
EndProject
Project("{FAE04EC0-301F-11D3-BF4B-00C04F79EFBC}") = "eShop.Data", "eShop.Data\eShop.Data.csproj", "{FFB9B2B7-D15B-4637-B1FD-FA466A12E7F4}"
EndProject
Global
	GlobalSection(SolutionConfigurationPlatforms) = preSolution
		Debug|Any CPU = Debug|Any CPU
		Release|Any CPU = Release|Any CPU
	EndGlobalSection
	GlobalSection(ProjectConfigurationPlatforms) = postSolution
		{E43CB221-4E49-4379-BF77-7929C04EB102}.Debug|Any CPU.ActiveCfg = Debug|Any CPU
		{E43CB221-4E49-4379-BF77-7929C04EB102}.Debug|Any CPU.Build.0 = Debug|Any CPU
		{E43CB221-4E49-4379-BF77-7929C04EB102}.Release|Any CPU.ActiveCfg = Release|Any CPU
		{E43CB221-4E49-4379-BF77-7929C04EB102}.Release|Any CPU.Build.0 = Release|Any CPU
		{FFB9B2B7-D15B-4637-B1FD-FA466A12E7F4}.Debug|Any CPU.ActiveCfg = Debug|Any CPU
		{FFB9B2B7-D15B-4637-B1FD-FA466A12E7F4}.Debug|Any CPU.Build.0 = Debug|Any CPU
		{FFB9B2B7-D15B-4637-B1FD-FA466A12E7F4}.Release|Any CPU.ActiveCfg = Release|Any CPU
		{FFB9B2B7-D15B-4637-B1FD-FA466A12E7F4}.Release|Any CPU.Build.0 = Release|Any CPU
	EndGlobalSection
	GlobalSection(SolutionProperties) = preSolution
		HideSolutionNode = FALSE
	EndGlobalSection
	GlobalSection(ExtensibilityGlobals) = postSolution
		SolutionGuid = {3EC5E05E-6B8C-4FF7-9079-27DA1F1DB331}
	EndGlobalSection
EndGlobal
