
Microsoft Visual Studio Solution File, Format Version 12.00
# Visual Studio Version 17
VisualStudioVersion = 17.8.34309.116
MinimumVisualStudioVersion = 10.0.40219.1
Project("{9A19103F-16F7-4668-BE54-9A1E7A4F7556}") = "eShop.Data.Shared", "eShop.Data.Shared\eShop.Data.Shared.csproj", "{E43CB221-4E49-4379-BF77-7929C04EB102}"
EndProject
Project("{9A19103F-16F7-4668-BE54-9A1E7A4F7556}") = "eShop.Data", "eShop.Data\eShop.Data.csproj", "{FFB9B2B7-D15B-4637-B1FD-FA466A12E7F4}"
EndProject
Project("{9A19103F-16F7-4668-BE54-9A1E7A4F7556}") = "eShop.API.Category", "eShop.API.Category\eShop.API.Category.csproj", "{8B0FCB48-7261-4918-887B-C52FE0A86000}"
EndProject
Project("{9A19103F-16F7-4668-BE54-9A1E7A4F7556}") = "eShop.API.Extensions", "eShop.API.Extensions\eShop.API.Extensions.csproj", "{4A806248-B6AE-43FD-B10F-040BA291722D}"
EndProject
Project("{9A19103F-16F7-4668-BE54-9A1E7A4F7556}") = "eShop.API.DTO", "eShop.API.DTO\eShop.API.DTO.csproj", "{FB6A0367-CAF2-409E-9A37-C04892BFE4E3}"
EndProject
Project("{9A19103F-16F7-4668-BE54-9A1E7A4F7556}") = "eShop.UI", "eShop.UI\eShop.UI.csproj", "{535A81CA-F4FB-4C94-BDA5-187AB2A395D9}"
EndProject
Project("{9A19103F-16F7-4668-BE54-9A1E7A4F7556}") = "eShop.UI.Models", "eShop.UI.Models\eShop.UI.Models.csproj", "{88DC43D3-D7BA-42F9-A5E6-F1D83FB9FED0}"
EndProject
Project("{9A19103F-16F7-4668-BE54-9A1E7A4F7556}") = "eShop.UI.Http", "eShop.UI.Http\eShop.UI.Http.csproj", "{4E1A92F0-96D1-4E14-8E25-2D7F39DC67F2}"
EndProject
Project("{9A19103F-16F7-4668-BE54-9A1E7A4F7556}") = "eShop.API.Products", "eShop.API.Products\eShop.API.Products.csproj", "{5C0EDD7F-C16A-4B4E-AFD8-7CF68C4DEB9D}"
EndProject
Project("{9A19103F-16F7-4668-BE54-9A1E7A4F7556}") = "eShop.UI.Storage", "eShop.UI.Storage\eShop.UI.Storage.csproj", "{DAB73BDC-C810-4883-8D7D-C5662CF2FFB8}"
EndProject
Project("{9A19103F-16F7-4668-BE54-9A1E7A4F7556}") = "eShop.UI.Admin", "eShop.UI.Admin\eShop.UI.Admin.csproj", "{5AD4A198-34F4-4DA7-9938-132A44FEDB88}"
EndProject
Global
	GlobalSection(SolutionConfigurationPlatforms) = preSolution
		Debug|Any CPU = Debug|Any CPU
		Release|Any CPU = Release|Any CPU
	EndGlobalSection
	GlobalSection(ProjectConfigurationPlatforms) = postSolution
		{E43CB221-4E49-4379-BF77-7929C04EB102}.Debug|Any CPU.ActiveCfg = Debug|Any CPU
		{E43CB221-4E49-4379-BF77-7929C04EB102}.Debug|Any CPU.Build.0 = Debug|Any CPU
		{E43CB221-4E49-4379-BF77-7929C04EB102}.Release|Any CPU.ActiveCfg = Release|Any CPU
		{E43CB221-4E49-4379-BF77-7929C04EB102}.Release|Any CPU.Build.0 = Release|Any CPU
		{FFB9B2B7-D15B-4637-B1FD-FA466A12E7F4}.Debug|Any CPU.ActiveCfg = Debug|Any CPU
		{FFB9B2B7-D15B-4637-B1FD-FA466A12E7F4}.Debug|Any CPU.Build.0 = Debug|Any CPU
		{FFB9B2B7-D15B-4637-B1FD-FA466A12E7F4}.Release|Any CPU.ActiveCfg = Release|Any CPU
		{FFB9B2B7-D15B-4637-B1FD-FA466A12E7F4}.Release|Any CPU.Build.0 = Release|Any CPU
		{8B0FCB48-7261-4918-887B-C52FE0A86000}.Debug|Any CPU.ActiveCfg = Debug|Any CPU
		{8B0FCB48-7261-4918-887B-C52FE0A86000}.Debug|Any CPU.Build.0 = Debug|Any CPU
		{8B0FCB48-7261-4918-887B-C52FE0A86000}.Release|Any CPU.ActiveCfg = Release|Any CPU
		{8B0FCB48-7261-4918-887B-C52FE0A86000}.Release|Any CPU.Build.0 = Release|Any CPU
		{4A806248-B6AE-43FD-B10F-040BA291722D}.Debug|Any CPU.ActiveCfg = Debug|Any CPU
		{4A806248-B6AE-43FD-B10F-040BA291722D}.Debug|Any CPU.Build.0 = Debug|Any CPU
		{4A806248-B6AE-43FD-B10F-040BA291722D}.Release|Any CPU.ActiveCfg = Release|Any CPU
		{4A806248-B6AE-43FD-B10F-040BA291722D}.Release|Any CPU.Build.0 = Release|Any CPU
		{FB6A0367-CAF2-409E-9A37-C04892BFE4E3}.Debug|Any CPU.ActiveCfg = Debug|Any CPU
		{FB6A0367-CAF2-409E-9A37-C04892BFE4E3}.Debug|Any CPU.Build.0 = Debug|Any CPU
		{FB6A0367-CAF2-409E-9A37-C04892BFE4E3}.Release|Any CPU.ActiveCfg = Release|Any CPU
		{FB6A0367-CAF2-409E-9A37-C04892BFE4E3}.Release|Any CPU.Build.0 = Release|Any CPU
		{535A81CA-F4FB-4C94-BDA5-187AB2A395D9}.Debug|Any CPU.ActiveCfg = Debug|Any CPU
		{535A81CA-F4FB-4C94-BDA5-187AB2A395D9}.Debug|Any CPU.Build.0 = Debug|Any CPU
		{535A81CA-F4FB-4C94-BDA5-187AB2A395D9}.Release|Any CPU.ActiveCfg = Release|Any CPU
		{535A81CA-F4FB-4C94-BDA5-187AB2A395D9}.Release|Any CPU.Build.0 = Release|Any CPU
		{88DC43D3-D7BA-42F9-A5E6-F1D83FB9FED0}.Debug|Any CPU.ActiveCfg = Debug|Any CPU
		{88DC43D3-D7BA-42F9-A5E6-F1D83FB9FED0}.Debug|Any CPU.Build.0 = Debug|Any CPU
		{88DC43D3-D7BA-42F9-A5E6-F1D83FB9FED0}.Release|Any CPU.ActiveCfg = Release|Any CPU
		{88DC43D3-D7BA-42F9-A5E6-F1D83FB9FED0}.Release|Any CPU.Build.0 = Release|Any CPU
		{4E1A92F0-96D1-4E14-8E25-2D7F39DC67F2}.Debug|Any CPU.ActiveCfg = Debug|Any CPU
		{4E1A92F0-96D1-4E14-8E25-2D7F39DC67F2}.Debug|Any CPU.Build.0 = Debug|Any CPU
		{4E1A92F0-96D1-4E14-8E25-2D7F39DC67F2}.Release|Any CPU.ActiveCfg = Release|Any CPU
		{4E1A92F0-96D1-4E14-8E25-2D7F39DC67F2}.Release|Any CPU.Build.0 = Release|Any CPU
		{5C0EDD7F-C16A-4B4E-AFD8-7CF68C4DEB9D}.Debug|Any CPU.ActiveCfg = Debug|Any CPU
		{5C0EDD7F-C16A-4B4E-AFD8-7CF68C4DEB9D}.Debug|Any CPU.Build.0 = Debug|Any CPU
		{5C0EDD7F-C16A-4B4E-AFD8-7CF68C4DEB9D}.Release|Any CPU.ActiveCfg = Release|Any CPU
		{5C0EDD7F-C16A-4B4E-AFD8-7CF68C4DEB9D}.Release|Any CPU.Build.0 = Release|Any CPU
		{DAB73BDC-C810-4883-8D7D-C5662CF2FFB8}.Debug|Any CPU.ActiveCfg = Debug|Any CPU
		{DAB73BDC-C810-4883-8D7D-C5662CF2FFB8}.Debug|Any CPU.Build.0 = Debug|Any CPU
		{DAB73BDC-C810-4883-8D7D-C5662CF2FFB8}.Release|Any CPU.ActiveCfg = Release|Any CPU
		{DAB73BDC-C810-4883-8D7D-C5662CF2FFB8}.Release|Any CPU.Build.0 = Release|Any CPU
		{5AD4A198-34F4-4DA7-9938-132A44FEDB88}.Debug|Any CPU.ActiveCfg = Debug|Any CPU
		{5AD4A198-34F4-4DA7-9938-132A44FEDB88}.Debug|Any CPU.Build.0 = Debug|Any CPU
		{5AD4A198-34F4-4DA7-9938-132A44FEDB88}.Release|Any CPU.ActiveCfg = Release|Any CPU
		{5AD4A198-34F4-4DA7-9938-132A44FEDB88}.Release|Any CPU.Build.0 = Release|Any CPU
	EndGlobalSection
	GlobalSection(SolutionProperties) = preSolution
		HideSolutionNode = FALSE
	EndGlobalSection
	GlobalSection(ExtensibilityGlobals) = postSolution
		SolutionGuid = {3EC5E05E-6B8C-4FF7-9079-27DA1F1DB331}
	EndGlobalSection
EndGlobal
